{
  "name": "test",
  "version": "1.0.0",
  "lockfileVersion": 3,
  "requires": true,
  "packages": {
    "": {
      "name": "test",
      "version": "1.0.0",
      "license": "ISC",
      "dependencies": {
        "@codingame/monaco-vscode-0cd5242b-7b61-5f66-ac25-ffa40baf8e8f-common": "file:../dist/packages/monaco-vscode-0cd5242b-7b61-5f66-ac25-ffa40baf8e8f-common"
      }
    },
    "node_modules/@codingame/monaco-vscode-0cd5242b-7b61-5f66-ac25-ffa40baf8e8f-common": {
      "version": "0.0.0-semantic-release",
      "resolved": "file:../dist/packages/monaco-vscode-0cd5242b-7b61-5f66-ac25-ffa40baf8e8f-common",
      "license": "MIT"
    }
  }
}
